<Solution>
  <Folder Name="/SolutionItems/">
    <File Path=".editorconfig" />
    <File Path=".gitattributes" />
    <File Path=".gitignore" />
    <File Path="README.md" />
  </Folder>
  <Project Path="WebApiAngularcClient/WebApiAngular.Client.esproj">
    <Build />
    <Deploy />
  </Project>
  <Project Path="WebApiAngularServer/WebApiAngular.Server.csproj" />
</Solution>
